
Microsoft Visual Studio Solution File, Format Version 12.00
# Visual Studio Version 17
VisualStudioVersion = 17.9.34728.123
MinimumVisualStudioVersion = 10.0.40219.1
Project("{8BC9CEB8-8B4A-11D0-8D11-00A0C91BC942}") = "01.LearnWindow", "01.LearnWindow\01.LearnWindow.vcxproj", "{03CE1221-E026-4464-B516-4E6C3E28FDD8}"
EndProject
Project("{8BC9CEB8-8B4A-11D0-8D11-00A0C91BC942}") = "02.LearnSingleTriangle", "02.LearnSingleTriangle\02.LearnSingleTriangle.vcxproj", "{06562EF0-1A34-46CA-B050-1C656B18413E}"
EndProject
Project("{8BC9CEB8-8B4A-11D0-8D11-00A0C91BC942}") = "03.LearnSingleTriangleAbstract", "03.LearnSingleTriangleAbstract\03.LearnSingleTriangleAbstract.vcxproj", "{D8DE2F46-97FB-4154-B946-13D49EE196B4}"
EndProject
Project("{8BC9CEB8-8B4A-11D0-8D11-00A0C91BC942}") = "04.LearnSquare", "04.LearnSquare\04.LearnSquare.vcxproj", "{B6E577FA-563E-467A-8873-834881CD500F}"
EndProject
Project("{8BC9CEB8-8B4A-11D0-8D11-00A0C91BC942}") = "05.LearnGround", "05.LearnGround\05.LearnGround.vcxproj", "{FF17FD6E-B596-4150-AE07-FC0517F58907}"
EndProject
Project("{8BC9CEB8-8B4A-11D0-8D11-00A0C91BC942}") = "06.LearnMoveCamera", "06.LearnMoveCamera\06.LearnMoveCamera.vcxproj", "{62F81DB5-8349-43B5-A377-0DC275E75668}"
EndProject
Project("{8BC9CEB8-8B4A-11D0-8D11-00A0C91BC942}") = "07.LearnBox", "07.LearnBox\07.LearnBox.vcxproj", "{34632093-77BD-4A7C-89FF-BBA3E5B7002A}"
EndProject
Project("{8BC9CEB8-8B4A-11D0-8D11-00A0C91BC942}") = "08.LearnTexturedBox", "08.LearnTexturedBox\08.LearnTexturedBox.vcxproj", "{96723A45-4452-42F1-B574-C813DE599460}"
EndProject
Project("{8BC9CEB8-8B4A-11D0-8D11-00A0C91BC942}") = "000.Test", "000.Test\000.Test.vcxproj", "{5CA5C526-24CD-4456-A99C-FC9D687AE931}"
EndProject
Global
	GlobalSection(SolutionConfigurationPlatforms) = preSolution
		Debug|x64 = Debug|x64
		Debug|x86 = Debug|x86
		Release|x64 = Release|x64
		Release|x86 = Release|x86
	EndGlobalSection
	GlobalSection(ProjectConfigurationPlatforms) = postSolution
		{03CE1221-E026-4464-B516-4E6C3E28FDD8}.Debug|x64.ActiveCfg = Debug|x64
		{03CE1221-E026-4464-B516-4E6C3E28FDD8}.Debug|x64.Build.0 = Debug|x64
		{03CE1221-E026-4464-B516-4E6C3E28FDD8}.Debug|x86.ActiveCfg = Debug|Win32
		{03CE1221-E026-4464-B516-4E6C3E28FDD8}.Debug|x86.Build.0 = Debug|Win32
		{03CE1221-E026-4464-B516-4E6C3E28FDD8}.Release|x64.ActiveCfg = Release|x64
		{03CE1221-E026-4464-B516-4E6C3E28FDD8}.Release|x64.Build.0 = Release|x64
		{03CE1221-E026-4464-B516-4E6C3E28FDD8}.Release|x86.ActiveCfg = Release|Win32
		{03CE1221-E026-4464-B516-4E6C3E28FDD8}.Release|x86.Build.0 = Release|Win32
		{06562EF0-1A34-46CA-B050-1C656B18413E}.Debug|x64.ActiveCfg = Debug|x64
		{06562EF0-1A34-46CA-B050-1C656B18413E}.Debug|x64.Build.0 = Debug|x64
		{06562EF0-1A34-46CA-B050-1C656B18413E}.Debug|x86.ActiveCfg = Debug|Win32
		{06562EF0-1A34-46CA-B050-1C656B18413E}.Debug|x86.Build.0 = Debug|Win32
		{06562EF0-1A34-46CA-B050-1C656B18413E}.Release|x64.ActiveCfg = Release|x64
		{06562EF0-1A34-46CA-B050-1C656B18413E}.Release|x64.Build.0 = Release|x64
		{06562EF0-1A34-46CA-B050-1C656B18413E}.Release|x86.ActiveCfg = Release|Win32
		{06562EF0-1A34-46CA-B050-1C656B18413E}.Release|x86.Build.0 = Release|Win32
		{D8DE2F46-97FB-4154-B946-13D49EE196B4}.Debug|x64.ActiveCfg = Debug|x64
		{D8DE2F46-97FB-4154-B946-13D49EE196B4}.Debug|x64.Build.0 = Debug|x64
		{D8DE2F46-97FB-4154-B946-13D49EE196B4}.Debug|x86.ActiveCfg = Debug|Win32
		{D8DE2F46-97FB-4154-B946-13D49EE196B4}.Debug|x86.Build.0 = Debug|Win32
		{D8DE2F46-97FB-4154-B946-13D49EE196B4}.Release|x64.ActiveCfg = Release|x64
		{D8DE2F46-97FB-4154-B946-13D49EE196B4}.Release|x64.Build.0 = Release|x64
		{D8DE2F46-97FB-4154-B946-13D49EE196B4}.Release|x86.ActiveCfg = Release|Win32
		{D8DE2F46-97FB-4154-B946-13D49EE196B4}.Release|x86.Build.0 = Release|Win32
		{B6E577FA-563E-467A-8873-834881CD500F}.Debug|x64.ActiveCfg = Debug|x64
		{B6E577FA-563E-467A-8873-834881CD500F}.Debug|x64.Build.0 = Debug|x64
		{B6E577FA-563E-467A-8873-834881CD500F}.Debug|x86.ActiveCfg = Debug|Win32
		{B6E577FA-563E-467A-8873-834881CD500F}.Debug|x86.Build.0 = Debug|Win32
		{B6E577FA-563E-467A-8873-834881CD500F}.Release|x64.ActiveCfg = Release|x64
		{B6E577FA-563E-467A-8873-834881CD500F}.Release|x64.Build.0 = Release|x64
		{B6E577FA-563E-467A-8873-834881CD500F}.Release|x86.ActiveCfg = Release|Win32
		{B6E577FA-563E-467A-8873-834881CD500F}.Release|x86.Build.0 = Release|Win32
		{FF17FD6E-B596-4150-AE07-FC0517F58907}.Debug|x64.ActiveCfg = Debug|x64
		{FF17FD6E-B596-4150-AE07-FC0517F58907}.Debug|x64.Build.0 = Debug|x64
		{FF17FD6E-B596-4150-AE07-FC0517F58907}.Debug|x86.ActiveCfg = Debug|Win32
		{FF17FD6E-B596-4150-AE07-FC0517F58907}.Debug|x86.Build.0 = Debug|Win32
		{FF17FD6E-B596-4150-AE07-FC0517F58907}.Release|x64.ActiveCfg = Release|x64
		{FF17FD6E-B596-4150-AE07-FC0517F58907}.Release|x64.Build.0 = Release|x64
		{FF17FD6E-B596-4150-AE07-FC0517F58907}.Release|x86.ActiveCfg = Release|Win32
		{FF17FD6E-B596-4150-AE07-FC0517F58907}.Release|x86.Build.0 = Release|Win32
		{62F81DB5-8349-43B5-A377-0DC275E75668}.Debug|x64.ActiveCfg = Debug|x64
		{62F81DB5-8349-43B5-A377-0DC275E75668}.Debug|x64.Build.0 = Debug|x64
		{62F81DB5-8349-43B5-A377-0DC275E75668}.Debug|x86.ActiveCfg = Debug|Win32
		{62F81DB5-8349-43B5-A377-0DC275E75668}.Debug|x86.Build.0 = Debug|Win32
		{62F81DB5-8349-43B5-A377-0DC275E75668}.Release|x64.ActiveCfg = Release|x64
		{62F81DB5-8349-43B5-A377-0DC275E75668}.Release|x64.Build.0 = Release|x64
		{62F81DB5-8349-43B5-A377-0DC275E75668}.Release|x86.ActiveCfg = Release|Win32
		{62F81DB5-8349-43B5-A377-0DC275E75668}.Release|x86.Build.0 = Release|Win32
		{34632093-77BD-4A7C-89FF-BBA3E5B7002A}.Debug|x64.ActiveCfg = Debug|x64
		{34632093-77BD-4A7C-89FF-BBA3E5B7002A}.Debug|x64.Build.0 = Debug|x64
		{34632093-77BD-4A7C-89FF-BBA3E5B7002A}.Debug|x86.ActiveCfg = Debug|Win32
		{34632093-77BD-4A7C-89FF-BBA3E5B7002A}.Debug|x86.Build.0 = Debug|Win32
		{34632093-77BD-4A7C-89FF-BBA3E5B7002A}.Release|x64.ActiveCfg = Release|x64
		{34632093-77BD-4A7C-89FF-BBA3E5B7002A}.Release|x64.Build.0 = Release|x64
		{34632093-77BD-4A7C-89FF-BBA3E5B7002A}.Release|x86.ActiveCfg = Release|Win32
		{34632093-77BD-4A7C-89FF-BBA3E5B7002A}.Release|x86.Build.0 = Release|Win32
		{96723A45-4452-42F1-B574-C813DE599460}.Debug|x64.ActiveCfg = Debug|x64
		{96723A45-4452-42F1-B574-C813DE599460}.Debug|x64.Build.0 = Debug|x64
		{96723A45-4452-42F1-B574-C813DE599460}.Debug|x86.ActiveCfg = Debug|Win32
		{96723A45-4452-42F1-B574-C813DE599460}.Debug|x86.Build.0 = Debug|Win32
		{96723A45-4452-42F1-B574-C813DE599460}.Release|x64.ActiveCfg = Release|x64
		{96723A45-4452-42F1-B574-C813DE599460}.Release|x64.Build.0 = Release|x64
		{96723A45-4452-42F1-B574-C813DE599460}.Release|x86.ActiveCfg = Release|Win32
		{96723A45-4452-42F1-B574-C813DE599460}.Release|x86.Build.0 = Release|Win32
		{5CA5C526-24CD-4456-A99C-FC9D687AE931}.Debug|x64.ActiveCfg = Debug|x64
		{5CA5C526-24CD-4456-A99C-FC9D687AE931}.Debug|x64.Build.0 = Debug|x64
		{5CA5C526-24CD-4456-A99C-FC9D687AE931}.Debug|x86.ActiveCfg = Debug|Win32
		{5CA5C526-24CD-4456-A99C-FC9D687AE931}.Debug|x86.Build.0 = Debug|Win32
		{5CA5C526-24CD-4456-A99C-FC9D687AE931}.Release|x64.ActiveCfg = Release|x64
		{5CA5C526-24CD-4456-A99C-FC9D687AE931}.Release|x64.Build.0 = Release|x64
		{5CA5C526-24CD-4456-A99C-FC9D687AE931}.Release|x86.ActiveCfg = Release|Win32
		{5CA5C526-24CD-4456-A99C-FC9D687AE931}.Release|x86.Build.0 = Release|Win32
	EndGlobalSection
	GlobalSection(SolutionProperties) = preSolution
		HideSolutionNode = FALSE
	EndGlobalSection
	GlobalSection(ExtensibilityGlobals) = postSolution
		SolutionGuid = {74C70338-4817-4476-BBA8-9DEA7B6A0527}
	EndGlobalSection
EndGlobal
